
Microsoft Visual Studio Solution File, Format Version 12.00
# Visual Studio 15
VisualStudioVersion = 15.0.28010.2016
MinimumVisualStudioVersion = 10.0.40219.1
Project("{FAE04EC0-301F-11D3-BF4B-00C04F79EFBC}") = "TestEFcore", "TestEFcore\TestEFcore.csproj", "{CED6858E-8969-4D05-9828-E2DDCAC86856}"
EndProject
Global
	GlobalSection(SolutionConfigurationPlatforms) = preSolution
		Debug|Any CPU = Debug|Any CPU
		Release|Any CPU = Release|Any CPU
	EndGlobalSection
	GlobalSection(ProjectConfigurationPlatforms) = postSolution
		{CED6858E-8969-4D05-9828-E2DDCAC86856}.Debug|Any CPU.ActiveCfg = Debug|Any CPU
		{CED6858E-8969-4D05-9828-E2DDCAC86856}.Debug|Any CPU.Build.0 = Debug|Any CPU
		{CED6858E-8969-4D05-9828-E2DDCAC86856}.Release|Any CPU.ActiveCfg = Release|Any CPU
		{CED6858E-8969-4D05-9828-E2DDCAC86856}.Release|Any CPU.Build.0 = Release|Any CPU
	EndGlobalSection
	GlobalSection(SolutionProperties) = preSolution
		HideSolutionNode = FALSE
	EndGlobalSection
	GlobalSection(ExtensibilityGlobals) = postSolution
		SolutionGuid = {5221598A-FE33-4492-9200-573F410322F0}
	EndGlobalSection
EndGlobal
